// !$*UTF8*$!
{
	archiveVersion = 1;
	classes = {
	};
	objectVersion = 46;
	objects = {

/* Begin PBXBuildFile section */
		41EFD5A31B6D27F900FD90E2 /* AppDelegate.swift in Sources */ = {isa = PBXBuildFile; fileRef = 41EFD5A21B6D27F900FD90E2 /* AppDelegate.swift */; };
		41EFD5A51B6D27F900FD90E2 /* MasterViewController.swift in Sources */ = {isa = PBXBuildFile; fileRef = 41EFD5A41B6D27F900FD90E2 /* MasterViewController.swift */; };
		41EFD5A71B6D27F900FD90E2 /* DetailViewController.swift in Sources */ = {isa = PBXBuildFile; fileRef = 41EFD5A61B6D27F900FD90E2 /* DetailViewController.swift */; };
		41EFD5AA1B6D27F900FD90E2 /* Main.storyboard in Resources */ = {isa = PBXBuildFile; fileRef = 41EFD5A81B6D27F900FD90E2 /* Main.storyboard */; };
		41EFD5AC1B6D27F900FD90E2 /* Images.xcassets in Resources */ = {isa = PBXBuildFile; fileRef = 41EFD5AB1B6D27F900FD90E2 /* Images.xcassets */; };
		41EFD5AF1B6D27F900FD90E2 /* LaunchScreen.xib in Resources */ = {isa = PBXBuildFile; fileRef = 41EFD5AD1B6D27F900FD90E2 /* LaunchScreen.xib */; };
		41EFD5BB1B6D27F900FD90E2 /* VibraChatTests.swift in Sources */ = {isa = PBXBuildFile; fileRef = 41EFD5BA1B6D27F900FD90E2 /* VibraChatTests.swift */; };
		41EFD5C51B6D28D200FD90E2 /* ChatViewController.swift in Sources */ = {isa = PBXBuildFile; fileRef = 41EFD5C41B6D28D200FD90E2 /* ChatViewController.swift */; };
/* End PBXBuildFile section */

/* Begin PBXContainerItemProxy section */
		41EFD5B51B6D27F900FD90E2 /* PBXContainerItemProxy */ = {
			isa = PBXContainerItemProxy;
			containerPortal = 41EFD5951B6D27F800FD90E2 /* Project object */;
			proxyType = 1;
			remoteGlobalIDString = 41EFD59C1B6D27F900FD90E2;
			remoteInfo = VibraChat;
		};
/* End PBXContainerItemProxy section */

/* Begin PBXFileReference section */
		41EFD59D1B6D27F900FD90E2 /* VibraChat.app */ = {isa = PBXFileReference; explicitFileType = wrapper.application; includeInIndex = 0; path = VibraChat.app; sourceTree = BUILT_PRODUCTS_DIR; };
		41EFD5A11B6D27F900FD90E2 /* Info.plist */ = {isa = PBXFileReference; lastKnownFileType = text.plist.xml; path = Info.plist; sourceTree = "<group>"; };
		41EFD5A21B6D27F900FD90E2 /* AppDelegate.swift */ = {isa = PBXFileReference; lastKnownFileType = sourcecode.swift; path = AppDelegate.swift; sourceTree = "<group>"; };
		41EFD5A41B6D27F900FD90E2 /* MasterViewController.swift */ = {isa = PBXFileReference; lastKnownFileType = sourcecode.swift; path = MasterViewController.swift; sourceTree = "<group>"; };
		41EFD5A61B6D27F900FD90E2 /* DetailViewController.swift */ = {isa = PBXFileReference; lastKnownFileType = sourcecode.swift; path = DetailViewController.swift; sourceTree = "<group>"; };
		41EFD5A91B6D27F900FD90E2 /* Base */ = {isa = PBXFileReference; lastKnownFileType = file.storyboard; name = Base; path = Base.lproj/Main.storyboard; sourceTree = "<group>"; };
		41EFD5AB1B6D27F900FD90E2 /* Images.xcassets */ = {isa = PBXFileReference; lastKnownFileType = folder.assetcatalog; path = Images.xcassets; sourceTree = "<group>"; };
		41EFD5AE1B6D27F900FD90E2 /* Base */ = {isa = PBXFileReference; lastKnownFileType = file.xib; name = Base; path = Base.lproj/LaunchScreen.xib; sourceTree = "<group>"; };
		41EFD5B41B6D27F900FD90E2 /* VibraChatTests.xctest */ = {isa = PBXFileReference; explicitFileType = wrapper.cfbundle; includeInIndex = 0; path = VibraChatTests.xctest; sourceTree = BUILT_PRODUCTS_DIR; };
		41EFD5B91B6D27F900FD90E2 /* Info.plist */ = {isa = PBXFileReference; lastKnownFileType = text.plist.xml; path = Info.plist; sourceTree = "<group>"; };
		41EFD5BA1B6D27F900FD90E2 /* VibraChatTests.swift */ = {isa = PBXFileReference; lastKnownFileType = sourcecode.swift; path = VibraChatTests.swift; sourceTree = "<group>"; };
		41EFD5C41B6D28D200FD90E2 /* ChatViewController.swift */ = {isa = PBXFileReference; fileEncoding = 4; lastKnownFileType = sourcecode.swift; path = ChatViewController.swift; sourceTree = "<group>"; };
/* End PBXFileReference section */

/* Begin PBXFrameworksBuildPhase section */
		41EFD59A1B6D27F900FD90E2 /* Frameworks */ = {
			isa = PBXFrameworksBuildPhase;
			buildActionMask = 2147483647;
			files = (
			);
			runOnlyForDeploymentPostprocessing = 0;
		};
		41EFD5B11B6D27F900FD90E2 /* Frameworks */ = {
			isa = PBXFrameworksBuildPhase;
			buildActionMask = 2147483647;
			files = (
			);
			runOnlyForDeploymentPostprocessing = 0;
		};
/* End PBXFrameworksBuildPhase section */

/* Begin PBXGroup section */
		41EFD5941B6D27F800FD90E2 = {
			isa = PBXGroup;
			children = (
				41EFD59F1B6D27F900FD90E2 /* VibraChat */,
				41EFD5B71B6D27F900FD90E2 /* VibraChatTests */,
				41EFD59E1B6D27F900FD90E2 /* Products */,
			);
			sourceTree = "<group>";
		};
		41EFD59E1B6D27F900FD90E2 /* Products */ = {
			isa = PBXGroup;
			children = (
				41EFD59D1B6D27F900FD90E2 /* VibraChat.app */,
				41EFD5B41B6D27F900FD90E2 /* VibraChatTests.xctest */,
			);
			name = Products;
			sourceTree = "<group>";
		};
		41EFD59F1B6D27F900FD90E2 /* VibraChat */ = {
			isa = PBXGroup;
			children = (
				41EFD5A21B6D27F900FD90E2 /* AppDelegate.swift */,
				41EFD5A41B6D27F900FD90E2 /* MasterViewController.swift */,
				41EFD5A61B6D27F900FD90E2 /* DetailViewController.swift */,
				41EFD5A81B6D27F900FD90E2 /* Main.storyboard */,
				41EFD5AB1B6D27F900FD90E2 /* Images.xcassets */,
				41EFD5AD1B6D27F900FD90E2 /* LaunchScreen.xib */,
				41EFD5A01B6D27F900FD90E2 /* Supporting Files */,
				41EFD5C41B6D28D200FD90E2 /* ChatViewController.swift */,
			);
			path = VibraChat;
			sourceTree = "<group>";
		};
		41EFD5A01B6D27F900FD90E2 /* Supporting Files */ = {
			isa = PBXGroup;
			children = (
				41EFD5A11B6D27F900FD90E2 /* Info.plist */,
			);
			name = "Supporting Files";
			sourceTree = "<group>";
		};
		41EFD5B71B6D27F900FD90E2 /* VibraChatTests */ = {
			isa = PBXGroup;
			children = (
				41EFD5BA1B6D27F900FD90E2 /* VibraChatTests.swift */,
				41EFD5B81B6D27F900FD90E2 /* Supporting Files */,
			);
			path = VibraChatTests;
			sourceTree = "<group>";
		};
		41EFD5B81B6D27F900FD90E2 /* Supporting Files */ = {
			isa = PBXGroup;
			children = (
				41EFD5B91B6D27F900FD90E2 /* Info.plist */,
			);
			name = "Supporting Files";
			sourceTree = "<group>";
		};
/* End PBXGroup section */

/* Begin PBXNativeTarget section */
		41EFD59C1B6D27F900FD90E2 /* VibraChat */ = {
			isa = PBXNativeTarget;
			buildConfigurationList = 41EFD5BE1B6D27F900FD90E2 /* Build configuration list for PBXNativeTarget "VibraChat" */;
			buildPhases = (
				41EFD5991B6D27F900FD90E2 /* Sources */,
				41EFD59A1B6D27F900FD90E2 /* Frameworks */,
				41EFD59B1B6D27F900FD90E2 /* Resources */,
			);
			buildRules = (
			);
			dependencies = (
			);
			name = VibraChat;
			productName = VibraChat;
			productReference = 41EFD59D1B6D27F900FD90E2 /* VibraChat.app */;
			productType = "com.apple.product-type.application";
		};
		41EFD5B31B6D27F900FD90E2 /* VibraChatTests */ = {
			isa = PBXNativeTarget;
			buildConfigurationList = 41EFD5C11B6D27F900FD90E2 /* Build configuration list for PBXNativeTarget "VibraChatTests" */;
			buildPhases = (
				41EFD5B01B6D27F900FD90E2 /* Sources */,
				41EFD5B11B6D27F900FD90E2 /* Frameworks */,
				41EFD5B21B6D27F900FD90E2 /* Resources */,
			);
			buildRules = (
			);
			dependencies = (
				41EFD5B61B6D27F900FD90E2 /* PBXTargetDependency */,
			);
			name = VibraChatTests;
			productName = VibraChatTests;
			productReference = 41EFD5B41B6D27F900FD90E2 /* VibraChatTests.xctest */;
			productType = "com.apple.product-type.bundle.unit-test";
		};
/* End PBXNativeTarget section */

/* Begin PBXProject section */
		41EFD5951B6D27F800FD90E2 /* Project object */ = {
			isa = PBXProject;
			attributes = {
				LastUpgradeCheck = 0640;
				ORGANIZATIONNAME = JMGSE;
				TargetAttributes = {
					41EFD59C1B6D27F900FD90E2 = {
						CreatedOnToolsVersion = 6.4;
					};
					41EFD5B31B6D27F900FD90E2 = {
						CreatedOnToolsVersion = 6.4;
						TestTargetID = 41EFD59C1B6D27F900FD90E2;
					};
				};
			};
			buildConfigurationList = 41EFD5981B6D27F800FD90E2 /* Build configuration list for PBXProject "VibraChat" */;
			compatibilityVersion = "Xcode 3.2";
			developmentRegion = English;
			hasScannedForEncodings = 0;
			knownRegions = (
				en,
				Base,
			);
			mainGroup = 41EFD5941B6D27F800FD90E2;
			productRefGroup = 41EFD59E1B6D27F900FD90E2 /* Products */;
			projectDirPath = "";
			projectRoot = "";
			targets = (
				41EFD59C1B6D27F900FD90E2 /* VibraChat */,
				41EFD5B31B6D27F900FD90E2 /* VibraChatTests */,
			);
		};
/* End PBXProject section */

/* Begin PBXResourcesBuildPhase section */
		41EFD59B1B6D27F900FD90E2 /* Resources */ = {
			isa = PBXResourcesBuildPhase;
			buildActionMask = 2147483647;
			files = (
				41EFD5AA1B6D27F900FD90E2 /* Main.storyboard in Resources */,
				41EFD5AF1B6D27F900FD90E2 /* LaunchScreen.xib in Resources */,
				41EFD5AC1B6D27F900FD90E2 /* Images.xcassets in Resources */,
			);
			runOnlyForDeploymentPostprocessing = 0;
		};
		41EFD5B21B6D27F900FD90E2 /* Resources */ = {
			isa = PBXResourcesBuildPhase;
			buildActionMask = 2147483647;
			files = (
			);
			runOnlyForDeploymentPostprocessing = 0;
		};
/* End PBXResourcesBuildPhase section */

/* Begin PBXSourcesBuildPhase section */
		41EFD5991B6D27F900FD90E2 /* Sources */ = {
			isa = PBXSourcesBuildPhase;
			buildActionMask = 2147483647;
			files = (
				41EFD5A71B6D27F900FD90E2 /* DetailViewController.swift in Sources */,
				41EFD5A51B6D27F900FD90E2 /* MasterViewController.swift in Sources */,
				41EFD5C51B6D28D200FD90E2 /* ChatViewController.swift in Sources */,
				41EFD5A31B6D27F900FD90E2 /* AppDelegate.swift in Sources */,
			);
			runOnlyForDeploymentPostprocessing = 0;
		};
		41EFD5B01B6D27F900FD90E2 /* Sources */ = {
			isa = PBXSourcesBuildPhase;
			buildActionMask = 2147483647;
			files = (
				41EFD5BB1B6D27F900FD90E2 /* VibraChatTests.swift in Sources */,
			);
			runOnlyForDeploymentPostprocessing = 0;
		};
/* End PBXSourcesBuildPhase section */

/* Begin PBXTargetDependency section */
		41EFD5B61B6D27F900FD90E2 /* PBXTargetDependency */ = {
			isa = PBXTargetDependency;
			target = 41EFD59C1B6D27F900FD90E2 /* VibraChat */;
			targetProxy = 41EFD5B51B6D27F900FD90E2 /* PBXContainerItemProxy */;
		};
/* End PBXTargetDependency section */

/* Begin PBXVariantGroup section */
		41EFD5A81B6D27F900FD90E2 /* Main.storyboard */ = {
			isa = PBXVariantGroup;
			children = (
				41EFD5A91B6D27F900FD90E2 /* Base */,
			);
			name = Main.storyboard;
			sourceTree = "<group>";
		};
		41EFD5AD1B6D27F900FD90E2 /* LaunchScreen.xib */ = {
			isa = PBXVariantGroup;
			children = (
				41EFD5AE1B6D27F900FD90E2 /* Base */,
			);
			name = LaunchScreen.xib;
			sourceTree = "<group>";
		};
/* End PBXVariantGroup section */

/* Begin XCBuildConfiguration section */
		41EFD5BC1B6D27F900FD90E2 /* Debug */ = {
			isa = XCBuildConfiguration;
			buildSettings = {
				ALWAYS_SEARCH_USER_PATHS = NO;
				CLANG_CXX_LANGUAGE_STANDARD = "gnu++0x";
				CLANG_CXX_LIBRARY = "libc++";
				CLANG_ENABLE_MODULES = YES;
				CLANG_ENABLE_OBJC_ARC = YES;
				CLANG_WARN_BOOL_CONVERSION = YES;
				CLANG_WARN_CONSTANT_CONVERSION = YES;
				CLANG_WARN_DIRECT_OBJC_ISA_USAGE = YES_ERROR;
				CLANG_WARN_EMPTY_BODY = YES;
				CLANG_WARN_ENUM_CONVERSION = YES;
				CLANG_WARN_INT_CONVERSION = YES;
				CLANG_WARN_OBJC_ROOT_CLASS = YES_ERROR;
				CLANG_WARN_UNREACHABLE_CODE = YES;
				CLANG_WARN__DUPLICATE_METHOD_MATCH = YES;
				"CODE_SIGN_IDENTITY[sdk=iphoneos*]" = "iPhone Developer";
				COPY_PHASE_STRIP = NO;
				DEBUG_INFORMATION_FORMAT = "dwarf-with-dsym";
				ENABLE_STRICT_OBJC_MSGSEND = YES;
				GCC_C_LANGUAGE_STANDARD = gnu99;
				GCC_DYNAMIC_NO_PIC = NO;
				GCC_NO_COMMON_BLOCKS = YES;
				GCC_OPTIMIZATION_LEVEL = 0;
				GCC_PREPROCESSOR_DEFINITIONS = (
					"DEBUG=1",
					"$(inherited)",
				);
				GCC_SYMBOLS_PRIVATE_EXTERN = NO;
				GCC_WARN_64_TO_32_BIT_CONVERSION = YES;
				GCC_WARN_ABOUT_RETURN_TYPE = YES_ERROR;
				GCC_WARN_UNDECLARED_SELECTOR = YES;
				GCC_WARN_UNINITIALIZED_AUTOS = YES_AGGRESSIVE;
				GCC_WARN_UNUSED_FUNCTION = YES;
				GCC_WARN_UNUSED_VARIABLE = YES;
				IPHONEOS_DEPLOYMENT_TARGET = 8.4;
				MTL_ENABLE_DEBUG_INFO = YES;
				ONLY_ACTIVE_ARCH = YES;
				SDKROOT = iphoneos;
				SWIFT_OPTIMIZATION_LEVEL = "-Onone";
				TARGETED_DEVICE_FAMILY = "1,2";
			};
			name = Debug;
		};
		41EFD5BD1B6D27F900FD90E2 /* Release */ = {
			isa = XCBuildConfiguration;
			buildSettings = {
				ALWAYS_SEARCH_USER_PATHS = NO;
				CLANG_CXX_LANGUAGE_STANDARD = "gnu++0x";
				CLANG_CXX_LIBRARY = "libc++";
				CLANG_ENABLE_MODULES = YES;
				CLANG_ENABLE_OBJC_ARC = YES;
				CLANG_WARN_BOOL_CONVERSION = YES;
				CLANG_WARN_CONSTANT_CONVERSION = YES;
				CLANG_WARN_DIRECT_OBJC_ISA_USAGE = YES_ERROR;
				CLANG_WARN_EMPTY_BODY = YES;
				CLANG_WARN_ENUM_CONVERSION = YES;
				CLANG_WARN_INT_CONVERSION = YES;
				CLANG_WARN_OBJC_ROOT_CLASS = YES_ERROR;
				CLANG_WARN_UNREACHABLE_CODE = YES;
				CLANG_WARN__DUPLICATE_METHOD_MATCH = YES;
				"CODE_SIGN_IDENTITY[sdk=iphoneos*]" = "iPhone Developer";
				COPY_PHASE_STRIP = NO;
				DEBUG_INFORMATION_FORMAT = "dwarf-with-dsym";
				ENABLE_NS_ASSERTIONS = NO;
				ENABLE_STRICT_OBJC_MSGSEND = YES;
				GCC_C_LANGUAGE_STANDARD = gnu99;
				GCC_NO_COMMON_BLOCKS = YES;
				GCC_WARN_64_TO_32_BIT_CONVERSION = YES;
				GCC_WARN_ABOUT_RETURN_TYPE = YES_ERROR;
				GCC_WARN_UNDECLARED_SELECTOR = YES;
				GCC_WARN_UNINITIALIZED_AUTOS = YES_AGGRESSIVE;
				GCC_WARN_UNUSED_FUNCTION = YES;
				GCC_WARN_UNUSED_VARIABLE = YES;
				IPHONEOS_DEPLOYMENT_TARGET = 8.4;
				MTL_ENABLE_DEBUG_INFO = NO;
				SDKROOT = iphoneos;
				TARGETED_DEVICE_FAMILY = "1,2";
				VALIDATE_PRODUCT = YES;
			};
			name = Release;
		};
		41EFD5BF1B6D27F900FD90E2 /* Debug */ = {
			isa = XCBuildConfiguration;
			buildSettings = {
				ASSETCATALOG_COMPILER_APPICON_NAME = AppIcon;
				INFOPLIST_FILE = VibraChat/Info.plist;
				LD_RUNPATH_SEARCH_PATHS = "$(inherited) @executable_path/Frameworks";
				PRODUCT_NAME = "$(TARGET_NAME)";
			};
			name = Debug;
		};
		41EFD5C01B6D27F900FD90E2 /* Release */ = {
			isa = XCBuildConfiguration;
			buildSettings = {
				ASSETCATALOG_COMPILER_APPICON_NAME = AppIcon;
				INFOPLIST_FILE = VibraChat/Info.plist;
				LD_RUNPATH_SEARCH_PATHS = "$(inherited) @executable_path/Frameworks";
				PRODUCT_NAME = "$(TARGET_NAME)";
			};
			name = Release;
		};
		41EFD5C21B6D27F900FD90E2 /* Debug */ = {
			isa = XCBuildConfiguration;
			buildSettings = {
				BUNDLE_LOADER = "$(TEST_HOST)";
				FRAMEWORK_SEARCH_PATHS = (
					"$(SDKROOT)/Developer/Library/Frameworks",
					"$(inherited)",
				);
				GCC_PREPROCESSOR_DEFINITIONS = (
					"DEBUG=1",
					"$(inherited)",
				);
				INFOPLIST_FILE = VibraChatTests/Info.plist;
				LD_RUNPATH_SEARCH_PATHS = "$(inherited) @executable_path/Frameworks @loader_path/Frameworks";
				PRODUCT_NAME = "$(TARGET_NAME)";
				TEST_HOST = "$(BUILT_PRODUCTS_DIR)/VibraChat.app/VibraChat";
			};
			name = Debug;
		};
		41EFD5C31B6D27F900FD90E2 /* Release */ = {
			isa = XCBuildConfiguration;
			buildSettings = {
				BUNDLE_LOADER = "$(TEST_HOST)";
				FRAMEWORK_SEARCH_PATHS = (
					"$(SDKROOT)/Developer/Library/Frameworks",
					"$(inherited)",
				);
				INFOPLIST_FILE = VibraChatTests/Info.plist;
				LD_RUNPATH_SEARCH_PATHS = "$(inherited) @executable_path/Frameworks @loader_path/Frameworks";
				PRODUCT_NAME = "$(TARGET_NAME)";
				TEST_HOST = "$(BUILT_PRODUCTS_DIR)/VibraChat.app/VibraChat";
			};
			name = Release;
		};
/* End XCBuildConfiguration section */

/* Begin XCConfigurationList section */
		41EFD5981B6D27F800FD90E2 /* Build configuration list for PBXProject "VibraChat" */ = {
			isa = XCConfigurationList;
			buildConfigurations = (
				41EFD5BC1B6D27F900FD90E2 /* Debug */,
				41EFD5BD1B6D27F900FD90E2 /* Release */,
			);
			defaultConfigurationIsVisible = 0;
			defaultConfigurationName = Release;
		};
		41EFD5BE1B6D27F900FD90E2 /* Build configuration list for PBXNativeTarget "VibraChat" */ = {
			isa = XCConfigurationList;
			buildConfigurations = (
				41EFD5BF1B6D27F900FD90E2 /* Debug */,
				41EFD5C01B6D27F900FD90E2 /* Release */,
			);
			defaultConfigurationIsVisible = 0;
		};
		41EFD5C11B6D27F900FD90E2 /* Build configuration list for PBXNativeTarget "VibraChatTests" */ = {
			isa = XCConfigurationList;
			buildConfigurations = (
				41EFD5C21B6D27F900FD90E2 /* Debug */,
				41EFD5C31B6D27F900FD90E2 /* Release */,
			);
			defaultConfigurationIsVisible = 0;
		};
/* End XCConfigurationList section */
	};
	rootObject = 41EFD5951B6D27F800FD90E2 /* Project object */;
}
